
Microsoft Visual Studio Solution File, Format Version 12.00
# Visual Studio 15
VisualStudioVersion = 15.0.28307.329
MinimumVisualStudioVersion = 10.0.40219.1
Project("{FAE04EC0-301F-11D3-BF4B-00C04F79EFBC}") = "TRPGScenarioTool", "TRPGScenarioTool\TRPGScenarioTool.csproj", "{06D58EB1-E376-49CA-8639-13FA24FF9649}"
EndProject
Global
	GlobalSection(SolutionConfigurationPlatforms) = preSolution
		Debug|Any CPU = Debug|Any CPU
		Release|Any CPU = Release|Any CPU
	EndGlobalSection
	GlobalSection(ProjectConfigurationPlatforms) = postSolution
		{06D58EB1-E376-49CA-8639-13FA24FF9649}.Debug|Any CPU.ActiveCfg = Debug|Any CPU
		{06D58EB1-E376-49CA-8639-13FA24FF9649}.Debug|Any CPU.Build.0 = Debug|Any CPU
		{06D58EB1-E376-49CA-8639-13FA24FF9649}.Release|Any CPU.ActiveCfg = Release|Any CPU
		{06D58EB1-E376-49CA-8639-13FA24FF9649}.Release|Any CPU.Build.0 = Release|Any CPU
	EndGlobalSection
	GlobalSection(SolutionProperties) = preSolution
		HideSolutionNode = FALSE
	EndGlobalSection
	GlobalSection(ExtensibilityGlobals) = postSolution
		SolutionGuid = {4ABBFFE1-70C5-4B12-88A4-440ADE5D548C}
	EndGlobalSection
EndGlobal
